<Solution>
  <Project Path="Discord Test/Discord Test.csproj" Id="8834c8d5-7953-4cfb-8461-4c61378fe58b" />
  <Project Path="Kompresja Powtórek GUI/Kompresja Powtórek GUI.csproj" Id="df69ddb8-98e2-4509-9404-1c44102cb68b" />
  <Project Path="Kompresja Powtórek/Kompresja Powtórek.csproj" Id="11d7fb05-da4e-41eb-8458-54450e8ed7cd" />
</Solution>
